
Microsoft Visual Studio Solution File, Format Version 12.00
# Visual Studio Version 17
VisualStudioVersion = 17.6.33723.286
MinimumVisualStudioVersion = 10.0.40219.1
Project("{FAE04EC0-301F-11D3-BF4B-00C04F79EFBC}") = "MK97_HamidrezaRostaminezhad_HW5", "MK97_HamidrezaRostaminezhad_HW5\MK97_HamidrezaRostaminezhad_HW5.csproj", "{310D9CD9-D498-406A-85B2-7DBFDD598DA1}"
EndProject
Global
	GlobalSection(SolutionConfigurationPlatforms) = preSolution
		Debug|Any CPU = Debug|Any CPU
		Release|Any CPU = Release|Any CPU
	EndGlobalSection
	GlobalSection(ProjectConfigurationPlatforms) = postSolution
		{310D9CD9-D498-406A-85B2-7DBFDD598DA1}.Debug|Any CPU.ActiveCfg = Debug|Any CPU
		{310D9CD9-D498-406A-85B2-7DBFDD598DA1}.Debug|Any CPU.Build.0 = Debug|Any CPU
		{310D9CD9-D498-406A-85B2-7DBFDD598DA1}.Release|Any CPU.ActiveCfg = Release|Any CPU
		{310D9CD9-D498-406A-85B2-7DBFDD598DA1}.Release|Any CPU.Build.0 = Release|Any CPU
	EndGlobalSection
	GlobalSection(SolutionProperties) = preSolution
		HideSolutionNode = FALSE
	EndGlobalSection
	GlobalSection(ExtensibilityGlobals) = postSolution
		SolutionGuid = {E29115E0-1A3A-4830-AD4D-B0A56ACA41C0}
	EndGlobalSection
EndGlobal
